github.com/execut/ozon-reports-downloader v0.0.0-20250526121113-efe82d9f75b8 h1:r9cLlIlK2qAVsV5tiZM61ZKqNqcuZHQIezJe6PIO46s=
github.com/execut/ozon-reports-downloader v0.0.0-20250526121113-efe82d9f75b8/go.mod h1:KQmmp4GbK7umlalM5e8X0k2hl/to/YGxJPzVHJ73TKQ=
gopkg.in/check.v1 v0.0.0-20161208181325-20d25e280405 h1:yhCVgyC4o1eVCa2tZl7eS0r+SDo693bJlVdllGtEeKM=
gopkg.in/check.v1 v0.0.0-20161208181325-20d25e280405/go.mod h1:Co6ibVJAznAaIkqp8huTwlJQCZ016jof/cbN4VW5Yz0=
gopkg.in/yaml.v3 v3.0.1 h1:fxVm/GzAzEWqLHuvctI91KS9hhNmmWOoWu0XTYJS7CA=
gopkg.in/yaml.v3 v3.0.1/go.mod h1:K4uyk7z7BCEPqu6E+C64Yfv1cQ7kz7rIZviUmN+EgEM=
